{
  "name": "vektor-landing",
  "lockfileVersion": 3,
  "requires": true,
  "packages": {
    "": {
      "name": "vektor-landing",
      "version": "0.1.0",
      "dependencies": {
        "@react-three/drei": "^9.122.0",
        "@react-three/fiber": "^8.18.0",
        "framer-motion": "^12.38.0",
        "lucide-react": "^1.8.0",
        "next": "^15.1.0",
        "next-themes": "^0.4.6",
        "react": "^18.3.1",
        "react-dom": "^18.3.1",
        "react-markdown": "^8.0.0",
        "three": "^0.170.0"
      },
      "devDependencies": {
        "@types/node": "25.6.0",
        "@types/react": "^18.3.1",
        "@types/react-dom": "^18.3.0",
        "typescript": "6.0.3"
      }
    },
    "node_modules/@react-three/drei": {
      "version": "9.122.0",
      "resolved": "https://registry.npmjs.org/@react-three/drei/-/drei-9.122.0.tgz",
      "peerDependencies": {
        "@react-three/fiber": "^7.0.0 || ^8.0.0 || ^9.0.0",
        "react": "^16.8.0 || ^17.0.0 || ^18.0.0",
        "react-dom": "^16.8.0 || ^17.0.0 || ^18.0.0",
        "three": "^r128 || ^r129 || ^r130 || ^r131 || ^r132 || ^r133 || ^r134 || ^r135 || ^r136 || ^r137 || ^r138 || ^r139 || ^r140 || ^r141 || ^r142 || ^r143 || ^r144 || ^r145 || ^r146 || ^r147 || ^r148 || ^r149 || ^r150 || ^r151 || ^r152 || ^r153 || ^r154 || ^r155 || ^r156 || ^r157 || ^r158 || ^r159 || ^r160 || ^r161 || ^r162 || ^r163 || ^r164 || ^r165 || ^r166 || ^r167 || ^r168 || ^r169 || ^r170"
      }
    },
    "node_modules/@react-three/fiber": {
      "version": "8.18.0",
      "resolved": "https://registry.npmjs.org/@react-three/fiber/-/fiber-8.18.0.tgz",
      "peerDependencies": {
        "react": "^16.8 || ^17 || ^18",
        "react-dom": "^16.8 || ^17 || ^18",
        "three": "^r128 || ^r129 || ^r130 || ^r131 || ^r132 || ^r133 || ^r134 || ^r135 || ^r136 || ^r137 || ^r138 || ^r139 || ^r140 || ^r141 || ^r142 || ^r143 || ^r144 || ^r145 || ^r146 || ^r147 || ^r148 || ^r149 || ^r150 || ^r151 || ^r152 || ^r153 || ^r154 || ^r155 || ^r156 || ^r157 || ^r158 || ^r159 || ^r160 || ^r161 || ^r162 || ^r163 || ^r164 || ^r165 || ^r166 || ^r167 || ^r168 || ^r169 || ^r170"
      }
    },
    "node_modules/three": {
      "version": "0.170.0",
      "resolved": "https://registry.npmjs.org/three/-/three-0.170.0.tgz"
    },
    "node_modules/@types/node": {
      "version": "25.6.0",
      "resolved": "https://registry.npmjs.org/@types/node/-/node-25.6.0.tgz",
      "dev": true
    },
    "node_modules/@types/react": {
      "version": "18.3.1",
      "resolved": "https://registry.npmjs.org/@types/react/-/react-18.3.1.tgz",
      "dev": true
    },
    "node_modules/@types/react-dom": {
      "version": "18.3.0",
      "resolved": "https://registry.npmjs.org/@types/react-dom/-/react-dom-18.3.0.tgz",
      "dev": true
    },
    "node_modules/typescript": {
      "version": "6.0.3",
      "resolved": "https://registry.npmjs.org/typescript/-/typescript-6.0.3.tgz",
      "dev": true
    },
    "node_modules/react": {
      "version": "18.3.1",
      "resolved": "https://registry.npmjs.org/react/-/react-18.3.1.tgz"
    },
    "node_modules/react-dom": {
      "version": "18.3.1",
      "resolved": "https://registry.npmjs.org/react-dom/-/react-dom-18.3.1.tgz"
    },
    "node_modules/next": {
      "version": "15.1.0",
      "resolved": "https://registry.npmjs.org/next/-/next-15.1.0.tgz"
    },
    "node_modules/framer-motion": {
      "version": "12.38.0",
      "resolved": "https://registry.npmjs.org/framer-motion/-/framer-motion-12.38.0.tgz"
    },
    "node_modules/lucide-react": {
      "version": "1.8.0",
      "resolved": "https://registry.npmjs.org/lucide-react/-/lucide-react-1.8.0.tgz"
    },
    "node_modules/next-themes": {
      "version": "0.4.6",
      "resolved": "https://registry.npmjs.org/next-themes/-/next-themes-0.4.6.tgz"
    },
    "node_modules/react-markdown": {
      "version": "8.0.0",
      "resolved": "https://registry.npmjs.org/react-markdown/-/react-markdown-8.0.0.tgz"
    }
  }
}